// !$*UTF8*$!
{
	archiveVersion = 1;
	classes = {
	};
	objectVersion = 56;
	objects = {

/* Begin PBXBuildFile section */
		FE00B3992A08FA170060EB39 /* JokesAppSwiftUIApp.swift in Sources */ = {isa = PBXBuildFile; fileRef = FE00B3982A08FA170060EB39 /* JokesAppSwiftUIApp.swift */; };
		FE00B39B2A08FA170060EB39 /* ContentView.swift in Sources */ = {isa = PBXBuildFile; fileRef = FE00B39A2A08FA170060EB39 /* ContentView.swift */; };
		FE00B39D2A08FA180060EB39 /* Assets.xcassets in Resources */ = {isa = PBXBuildFile; fileRef = FE00B39C2A08FA180060EB39 /* Assets.xcassets */; };
		FE00B3A02A08FA180060EB39 /* Preview Assets.xcassets in Resources */ = {isa = PBXBuildFile; fileRef = FE00B39F2A08FA180060EB39 /* Preview Assets.xcassets */; };
		FE00B3A72A08FC670060EB39 /* Joke.swift in Sources */ = {isa = PBXBuildFile; fileRef = FE00B3A62A08FC670060EB39 /* Joke.swift */; };
		FE00B3A92A08FD5D0060EB39 /* JokesViewModel.swift in Sources */ = {isa = PBXBuildFile; fileRef = FE00B3A82A08FD5D0060EB39 /* JokesViewModel.swift */; };
		FE00B3AF2A08FF0E0060EB39 /* Alamofire in Frameworks */ = {isa = PBXBuildFile; productRef = FE00B3AE2A08FF0E0060EB39 /* Alamofire */; };
/* End PBXBuildFile section */

/* Begin PBXFileReference section */
		FE00B3952A08FA170060EB39 /* JokesAppSwiftUI.app */ = {isa = PBXFileReference; explicitFileType = wrapper.application; includeInIndex = 0; path = JokesAppSwiftUI.app; sourceTree = BUILT_PRODUCTS_DIR; };
		FE00B3982A08FA170060EB39 /* JokesAppSwiftUIApp.swift */ = {isa = PBXFileReference; lastKnownFileType = sourcecode.swift; path = JokesAppSwiftUIApp.swift; sourceTree = "<group>"; };
		FE00B39A2A08FA170060EB39 /* ContentView.swift */ = {isa = PBXFileReference; lastKnownFileType = sourcecode.swift; path = ContentView.swift; sourceTree = "<group>"; };
		FE00B39C2A08FA180060EB39 /* Assets.xcassets */ = {isa = PBXFileReference; lastKnownFileType = folder.assetcatalog; path = Assets.xcassets; sourceTree = "<group>"; };
		FE00B39F2A08FA180060EB39 /* Preview Assets.xcassets */ = {isa = PBXFileReference; lastKnownFileType = folder.assetcatalog; path = "Preview Assets.xcassets"; sourceTree = "<group>"; };
		FE00B3A62A08FC670060EB39 /* Joke.swift */ = {isa = PBXFileReference; lastKnownFileType = sourcecode.swift; path = Joke.swift; sourceTree = "<group>"; };
		FE00B3A82A08FD5D0060EB39 /* JokesViewModel.swift */ = {isa = PBXFileReference; lastKnownFileType = sourcecode.swift; path = JokesViewModel.swift; sourceTree = "<group>"; };
		FE00B3B02A0903780060EB39 /* Info.plist */ = {isa = PBXFileReference; lastKnownFileType = text.plist; path = Info.plist; sourceTree = "<group>"; };
/* End PBXFileReference section */

/* Begin PBXFrameworksBuildPhase section */
		FE00B3922A08FA170060EB39 /* Frameworks */ = {
			isa = PBXFrameworksBuildPhase;
			buildActionMask = 2147483647;
			files = (
				FE00B3AF2A08FF0E0060EB39 /* Alamofire in Frameworks */,
			);
			runOnlyForDeploymentPostprocessing = 0;
		};
/* End PBXFrameworksBuildPhase section */

/* Begin PBXGroup section */
		FE00B38C2A08FA170060EB39 = {
			isa = PBXGroup;
			children = (
				FE00B3972A08FA170060EB39 /* JokesAppSwiftUI */,
				FE00B3962A08FA170060EB39 /* Products */,
			);
			sourceTree = "<group>";
		};
		FE00B3962A08FA170060EB39 /* Products */ = {
			isa = PBXGroup;
			children = (
				FE00B3952A08FA170060EB39 /* JokesAppSwiftUI.app */,
			);
			name = Products;
			sourceTree = "<group>";
		};
		FE00B3972A08FA170060EB39 /* JokesAppSwiftUI */ = {
			isa = PBXGroup;
			children = (
				FE00B3B12A0904160060EB39 /* New Group */,
				FE00B3B02A0903780060EB39 /* Info.plist */,
				FE00B3AC2A08FD770060EB39 /* View */,
				FE00B3AB2A08FD720060EB39 /* VIewModel */,
				FE00B3AA2A08FD6A0060EB39 /* Model */,
				FE00B3982A08FA170060EB39 /* JokesAppSwiftUIApp.swift */,
				FE00B39C2A08FA180060EB39 /* Assets.xcassets */,
				FE00B39E2A08FA180060EB39 /* Preview Content */,
			);
			path = JokesAppSwiftUI;
			sourceTree = "<group>";
		};
		FE00B39E2A08FA180060EB39 /* Preview Content */ = {
			isa = PBXGroup;
			children = (
				FE00B39F2A08FA180060EB39 /* Preview Assets.xcassets */,
			);
			path = "Preview Content";
			sourceTree = "<group>";
		};
		FE00B3AA2A08FD6A0060EB39 /* Model */ = {
			isa = PBXGroup;
			children = (
			);
			path = Model;
			sourceTree = "<group>";
		};
		FE00B3AB2A08FD720060EB39 /* VIewModel */ = {
			isa = PBXGroup;
			children = (
				FE00B3A82A08FD5D0060EB39 /* JokesViewModel.swift */,
				FE00B3A62A08FC670060EB39 /* Joke.swift */,
			);
			path = VIewModel;
			sourceTree = "<group>";
		};
		FE00B3AC2A08FD770060EB39 /* View */ = {
			isa = PBXGroup;
			children = (
				FE00B39A2A08FA170060EB39 /* ContentView.swift */,
			);
			path = View;
			sourceTree = "<group>";
		};
		FE00B3B12A0904160060EB39 /* New Group */ = {
			isa = PBXGroup;
			children = (
			);
			path = "New Group";
			sourceTree = "<group>";
		};
/* End PBXGroup section */

/* Begin PBXNativeTarget section */
		FE00B3942A08FA170060EB39 /* JokesAppSwiftUI */ = {
			isa = PBXNativeTarget;
			buildConfigurationList = FE00B3A32A08FA180060EB39 /* Build configuration list for PBXNativeTarget "JokesAppSwiftUI" */;
			buildPhases = (
				FE00B3912A08FA170060EB39 /* Sources */,
				FE00B3922A08FA170060EB39 /* Frameworks */,
				FE00B3932A08FA170060EB39 /* Resources */,
			);
			buildRules = (
			);
			dependencies = (
			);
			name = JokesAppSwiftUI;
			packageProductDependencies = (
				FE00B3AE2A08FF0E0060EB39 /* Alamofire */,
			);
			productName = JokesAppSwiftUI;
			productReference = FE00B3952A08FA170060EB39 /* JokesAppSwiftUI.app */;
			productType = "com.apple.product-type.application";
		};
/* End PBXNativeTarget section */

/* Begin PBXProject section */
		FE00B38D2A08FA170060EB39 /* Project object */ = {
			isa = PBXProject;
			attributes = {
				BuildIndependentTargetsInParallel = 1;
				LastSwiftUpdateCheck = 1430;
				LastUpgradeCheck = 1430;
				TargetAttributes = {
					FE00B3942A08FA170060EB39 = {
						CreatedOnToolsVersion = 14.3;
					};
				};
			};
			buildConfigurationList = FE00B3902A08FA170060EB39 /* Build configuration list for PBXProject "JokesAppSwiftUI" */;
			compatibilityVersion = "Xcode 14.0";
			developmentRegion = en;
			hasScannedForEncodings = 0;
			knownRegions = (
				en,
				Base,
			);
			mainGroup = FE00B38C2A08FA170060EB39;
			packageReferences = (
				FE00B3AD2A08FF0E0060EB39 /* XCRemoteSwiftPackageReference "Alamofire" */,
			);
			productRefGroup = FE00B3962A08FA170060EB39 /* Products */;
			projectDirPath = "";
			projectRoot = "";
			targets = (
				FE00B3942A08FA170060EB39 /* JokesAppSwiftUI */,
			);
		};
/* End PBXProject section */

/* Begin PBXResourcesBuildPhase section */
		FE00B3932A08FA170060EB39 /* Resources */ = {
			isa = PBXResourcesBuildPhase;
			buildActionMask = 2147483647;
			files = (
				FE00B3A02A08FA180060EB39 /* Preview Assets.xcassets in Resources */,
				FE00B39D2A08FA180060EB39 /* Assets.xcassets in Resources */,
			);
			runOnlyForDeploymentPostprocessing = 0;
		};
/* End PBXResourcesBuildPhase section */

/* Begin PBXSourcesBuildPhase section */
		FE00B3912A08FA170060EB39 /* Sources */ = {
			isa = PBXSourcesBuildPhase;
			buildActionMask = 2147483647;
			files = (
				FE00B39B2A08FA170060EB39 /* ContentView.swift in Sources */,
				FE00B3992A08FA170060EB39 /* JokesAppSwiftUIApp.swift in Sources */,
				FE00B3A72A08FC670060EB39 /* Joke.swift in Sources */,
				FE00B3A92A08FD5D0060EB39 /* JokesViewModel.swift in Sources */,
			);
			runOnlyForDeploymentPostprocessing = 0;
		};
/* End PBXSourcesBuildPhase section */

/* Begin XCBuildConfiguration section */
		FE00B3A12A08FA180060EB39 /* Debug */ = {
			isa = XCBuildConfiguration;
			buildSettings = {
				ALWAYS_SEARCH_USER_PATHS = NO;
				CLANG_ANALYZER_NONNULL = YES;
				CLANG_ANALYZER_NUMBER_OBJECT_CONVERSION = YES_AGGRESSIVE;
				CLANG_CXX_LANGUAGE_STANDARD = "gnu++20";
				CLANG_ENABLE_MODULES = YES;
				CLANG_ENABLE_OBJC_ARC = YES;
				CLANG_ENABLE_OBJC_WEAK = YES;
				CLANG_WARN_BLOCK_CAPTURE_AUTORELEASING = YES;
				CLANG_WARN_BOOL_CONVERSION = YES;
				CLANG_WARN_COMMA = YES;
				CLANG_WARN_CONSTANT_CONVERSION = YES;
				CLANG_WARN_DEPRECATED_OBJC_IMPLEMENTATIONS = YES;
				CLANG_WARN_DIRECT_OBJC_ISA_USAGE = YES_ERROR;
				CLANG_WARN_DOCUMENTATION_COMMENTS = YES;
				CLANG_WARN_EMPTY_BODY = YES;
				CLANG_WARN_ENUM_CONVERSION = YES;
				CLANG_WARN_INFINITE_RECURSION = YES;
				CLANG_WARN_INT_CONVERSION = YES;
				CLANG_WARN_NON_LITERAL_NULL_CONVERSION = YES;
				CLANG_WARN_OBJC_IMPLICIT_RETAIN_SELF = YES;
				CLANG_WARN_OBJC_LITERAL_CONVERSION = YES;
				CLANG_WARN_OBJC_ROOT_CLASS = YES_ERROR;
				CLANG_WARN_QUOTED_INCLUDE_IN_FRAMEWORK_HEADER = YES;
				CLANG_WARN_RANGE_LOOP_ANALYSIS = YES;
				CLANG_WARN_STRICT_PROTOTYPES = YES;
				CLANG_WARN_SUSPICIOUS_MOVE = YES;
				CLANG_WARN_UNGUARDED_AVAILABILITY = YES_AGGRESSIVE;
				CLANG_WARN_UNREACHABLE_CODE = YES;
				CLANG_WARN__DUPLICATE_METHOD_MATCH = YES;
				COPY_PHASE_STRIP = NO;
				DEBUG_INFORMATION_FORMAT = dwarf;
				ENABLE_STRICT_OBJC_MSGSEND = YES;
				ENABLE_TESTABILITY = YES;
				GCC_C_LANGUAGE_STANDARD = gnu11;
				GCC_DYNAMIC_NO_PIC = NO;
				GCC_NO_COMMON_BLOCKS = YES;
				GCC_OPTIMIZATION_LEVEL = 0;
				GCC_PREPROCESSOR_DEFINITIONS = (
					"DEBUG=1",
					"$(inherited)",
				);
				GCC_WARN_64_TO_32_BIT_CONVERSION = YES;
				GCC_WARN_ABOUT_RETURN_TYPE = YES_ERROR;
				GCC_WARN_UNDECLARED_SELECTOR = YES;
				GCC_WARN_UNINITIALIZED_AUTOS = YES_AGGRESSIVE;
				GCC_WARN_UNUSED_FUNCTION = YES;
				GCC_WARN_UNUSED_VARIABLE = YES;
				IPHONEOS_DEPLOYMENT_TARGET = 16.4;
				MTL_ENABLE_DEBUG_INFO = INCLUDE_SOURCE;
				MTL_FAST_MATH = YES;
				ONLY_ACTIVE_ARCH = YES;
				SDKROOT = iphoneos;
				SWIFT_ACTIVE_COMPILATION_CONDITIONS = DEBUG;
				SWIFT_OPTIMIZATION_LEVEL = "-Onone";
			};
			name = Debug;
		};
		FE00B3A22A08FA180060EB39 /* Release */ = {
			isa = XCBuildConfiguration;
			buildSettings = {
				ALWAYS_SEARCH_USER_PATHS = NO;
				CLANG_ANALYZER_NONNULL = YES;
				CLANG_ANALYZER_NUMBER_OBJECT_CONVERSION = YES_AGGRESSIVE;
				CLANG_CXX_LANGUAGE_STANDARD = "gnu++20";
				CLANG_ENABLE_MODULES = YES;
				CLANG_ENABLE_OBJC_ARC = YES;
				CLANG_ENABLE_OBJC_WEAK = YES;
				CLANG_WARN_BLOCK_CAPTURE_AUTORELEASING = YES;
				CLANG_WARN_BOOL_CONVERSION = YES;
				CLANG_WARN_COMMA = YES;
				CLANG_WARN_CONSTANT_CONVERSION = YES;
				CLANG_WARN_DEPRECATED_OBJC_IMPLEMENTATIONS = YES;
				CLANG_WARN_DIRECT_OBJC_ISA_USAGE = YES_ERROR;
				CLANG_WARN_DOCUMENTATION_COMMENTS = YES;
				CLANG_WARN_EMPTY_BODY = YES;
				CLANG_WARN_ENUM_CONVERSION = YES;
				CLANG_WARN_INFINITE_RECURSION = YES;
				CLANG_WARN_INT_CONVERSION = YES;
				CLANG_WARN_NON_LITERAL_NULL_CONVERSION = YES;
				CLANG_WARN_OBJC_IMPLICIT_RETAIN_SELF = YES;
				CLANG_WARN_OBJC_LITERAL_CONVERSION = YES;
				CLANG_WARN_OBJC_ROOT_CLASS = YES_ERROR;
				CLANG_WARN_QUOTED_INCLUDE_IN_FRAMEWORK_HEADER = YES;
				CLANG_WARN_RANGE_LOOP_ANALYSIS = YES;
				CLANG_WARN_STRICT_PROTOTYPES = YES;
				CLANG_WARN_SUSPICIOUS_MOVE = YES;
				CLANG_WARN_UNGUARDED_AVAILABILITY = YES_AGGRESSIVE;
				CLANG_WARN_UNREACHABLE_CODE = YES;
				CLANG_WARN__DUPLICATE_METHOD_MATCH = YES;
				COPY_PHASE_STRIP = NO;
				DEBUG_INFORMATION_FORMAT = "dwarf-with-dsym";
				ENABLE_NS_ASSERTIONS = NO;
				ENABLE_STRICT_OBJC_MSGSEND = YES;
				GCC_C_LANGUAGE_STANDARD = gnu11;
				GCC_NO_COMMON_BLOCKS = YES;
				GCC_WARN_64_TO_32_BIT_CONVERSION = YES;
				GCC_WARN_ABOUT_RETURN_TYPE = YES_ERROR;
				GCC_WARN_UNDECLARED_SELECTOR = YES;
				GCC_WARN_UNINITIALIZED_AUTOS = YES_AGGRESSIVE;
				GCC_WARN_UNUSED_FUNCTION = YES;
				GCC_WARN_UNUSED_VARIABLE = YES;
				IPHONEOS_DEPLOYMENT_TARGET = 16.4;
				MTL_ENABLE_DEBUG_INFO = NO;
				MTL_FAST_MATH = YES;
				SDKROOT = iphoneos;
				SWIFT_COMPILATION_MODE = wholemodule;
				SWIFT_OPTIMIZATION_LEVEL = "-O";
				VALIDATE_PRODUCT = YES;
			};
			name = Release;
		};
		FE00B3A42A08FA180060EB39 /* Debug */ = {
			isa = XCBuildConfiguration;
			buildSettings = {
				ASSETCATALOG_COMPILER_APPICON_NAME = AppIcon;
				ASSETCATALOG_COMPILER_GLOBAL_ACCENT_COLOR_NAME = AccentColor;
				CODE_SIGN_STYLE = Automatic;
				CURRENT_PROJECT_VERSION = 1;
				DEVELOPMENT_ASSET_PATHS = "\"JokesAppSwiftUI/Preview Content\"";
				DEVELOPMENT_TEAM = T3Y3F3RZUZ;
				ENABLE_PREVIEWS = YES;
				GENERATE_INFOPLIST_FILE = YES;
				INFOPLIST_FILE = JokesAppSwiftUI/Info.plist;
				INFOPLIST_KEY_UIApplicationSceneManifest_Generation = YES;
				INFOPLIST_KEY_UIApplicationSupportsIndirectInputEvents = YES;
				INFOPLIST_KEY_UILaunchScreen_Generation = YES;
				INFOPLIST_KEY_UISupportedInterfaceOrientations_iPad = "UIInterfaceOrientationPortrait UIInterfaceOrientationPortraitUpsideDown UIInterfaceOrientationLandscapeLeft UIInterfaceOrientationLandscapeRight";
				INFOPLIST_KEY_UISupportedInterfaceOrientations_iPhone = "UIInterfaceOrientationPortrait UIInterfaceOrientationLandscapeLeft UIInterfaceOrientationLandscapeRight";
				LD_RUNPATH_SEARCH_PATHS = (
					"$(inherited)",
					"@executable_path/Frameworks",
				);
				MARKETING_VERSION = 1.0;
				PRODUCT_BUNDLE_IDENTIFIER = it.spaarkly.JokesAppSwiftUI;
				PRODUCT_NAME = "$(TARGET_NAME)";
				SWIFT_EMIT_LOC_STRINGS = YES;
				SWIFT_VERSION = 5.0;
				TARGETED_DEVICE_FAMILY = "1,2";
			};
			name = Debug;
		};
		FE00B3A52A08FA180060EB39 /* Release */ = {
			isa = XCBuildConfiguration;
			buildSettings = {
				ASSETCATALOG_COMPILER_APPICON_NAME = AppIcon;
				ASSETCATALOG_COMPILER_GLOBAL_ACCENT_COLOR_NAME = AccentColor;
				CODE_SIGN_STYLE = Automatic;
				CURRENT_PROJECT_VERSION = 1;
				DEVELOPMENT_ASSET_PATHS = "\"JokesAppSwiftUI/Preview Content\"";
				DEVELOPMENT_TEAM = T3Y3F3RZUZ;
				ENABLE_PREVIEWS = YES;
				GENERATE_INFOPLIST_FILE = YES;
				INFOPLIST_FILE = JokesAppSwiftUI/Info.plist;
				INFOPLIST_KEY_UIApplicationSceneManifest_Generation = YES;
				INFOPLIST_KEY_UIApplicationSupportsIndirectInputEvents = YES;
				INFOPLIST_KEY_UILaunchScreen_Generation = YES;
				INFOPLIST_KEY_UISupportedInterfaceOrientations_iPad = "UIInterfaceOrientationPortrait UIInterfaceOrientationPortraitUpsideDown UIInterfaceOrientationLandscapeLeft UIInterfaceOrientationLandscapeRight";
				INFOPLIST_KEY_UISupportedInterfaceOrientations_iPhone = "UIInterfaceOrientationPortrait UIInterfaceOrientationLandscapeLeft UIInterfaceOrientationLandscapeRight";
				LD_RUNPATH_SEARCH_PATHS = (
					"$(inherited)",
					"@executable_path/Frameworks",
				);
				MARKETING_VERSION = 1.0;
				PRODUCT_BUNDLE_IDENTIFIER = it.spaarkly.JokesAppSwiftUI;
				PRODUCT_NAME = "$(TARGET_NAME)";
				SWIFT_EMIT_LOC_STRINGS = YES;
				SWIFT_VERSION = 5.0;
				TARGETED_DEVICE_FAMILY = "1,2";
			};
			name = Release;
		};
/* End XCBuildConfiguration section */

/* Begin XCConfigurationList section */
		FE00B3902A08FA170060EB39 /* Build configuration list for PBXProject "JokesAppSwiftUI" */ = {
			isa = XCConfigurationList;
			buildConfigurations = (
				FE00B3A12A08FA180060EB39 /* Debug */,
				FE00B3A22A08FA180060EB39 /* Release */,
			);
			defaultConfigurationIsVisible = 0;
			defaultConfigurationName = Release;
		};
		FE00B3A32A08FA180060EB39 /* Build configuration list for PBXNativeTarget "JokesAppSwiftUI" */ = {
			isa = XCConfigurationList;
			buildConfigurations = (
				FE00B3A42A08FA180060EB39 /* Debug */,
				FE00B3A52A08FA180060EB39 /* Release */,
			);
			defaultConfigurationIsVisible = 0;
			defaultConfigurationName = Release;
		};
/* End XCConfigurationList section */

/* Begin XCRemoteSwiftPackageReference section */
		FE00B3AD2A08FF0E0060EB39 /* XCRemoteSwiftPackageReference "Alamofire" */ = {
			isa = XCRemoteSwiftPackageReference;
			repositoryURL = "https://github.com/Alamofire/Alamofire.git";
			requirement = {
				kind = upToNextMajorVersion;
				minimumVersion = 5.6.1;
			};
		};
/* End XCRemoteSwiftPackageReference section */

/* Begin XCSwiftPackageProductDependency section */
		FE00B3AE2A08FF0E0060EB39 /* Alamofire */ = {
			isa = XCSwiftPackageProductDependency;
			package = FE00B3AD2A08FF0E0060EB39 /* XCRemoteSwiftPackageReference "Alamofire" */;
			productName = Alamofire;
		};
/* End XCSwiftPackageProductDependency section */
	};
	rootObject = FE00B38D2A08FA170060EB39 /* Project object */;
}
